
Microsoft Visual Studio Solution File, Format Version 12.00
# Visual Studio Version 17
VisualStudioVersion = 17.10.35122.118
MinimumVisualStudioVersion = 10.0.40219.1
Project("{F184B08F-C81C-45F6-A57F-5ABD9991F28F}") = "GuessTheWord", "GuessTheWord\GuessTheWord.vbproj", "{B5AD5059-AA86-41BB-BEF5-165A190BF6A1}"
EndProject
Global
	GlobalSection(SolutionConfigurationPlatforms) = preSolution
		Debug|Any CPU = Debug|Any CPU
		Release|Any CPU = Release|Any CPU
	EndGlobalSection
	GlobalSection(ProjectConfigurationPlatforms) = postSolution
		{B5AD5059-AA86-41BB-BEF5-165A190BF6A1}.Debug|Any CPU.ActiveCfg = Debug|Any CPU
		{B5AD5059-AA86-41BB-BEF5-165A190BF6A1}.Debug|Any CPU.Build.0 = Debug|Any CPU
		{B5AD5059-AA86-41BB-BEF5-165A190BF6A1}.Release|Any CPU.ActiveCfg = Release|Any CPU
		{B5AD5059-AA86-41BB-BEF5-165A190BF6A1}.Release|Any CPU.Build.0 = Release|Any CPU
	EndGlobalSection
	GlobalSection(SolutionProperties) = preSolution
		HideSolutionNode = FALSE
	EndGlobalSection
	GlobalSection(ExtensibilityGlobals) = postSolution
		SolutionGuid = {11B87463-E1EF-438A-98FB-640BD58882DE}
	EndGlobalSection
EndGlobal
