
Microsoft Visual Studio Solution File, Format Version 12.00
# Visual Studio Version 17
VisualStudioVersion = 17.10.35122.118
MinimumVisualStudioVersion = 10.0.40219.1
Project("{F184B08F-C81C-45F6-A57F-5ABD9991F28F}") = "Functions", "Functions\Functions.vbproj", "{4FEB28E6-6092-4C10-8D29-1CB2893314CC}"
EndProject
Global
	GlobalSection(SolutionConfigurationPlatforms) = preSolution
		Debug|Any CPU = Debug|Any CPU
		Release|Any CPU = Release|Any CPU
	EndGlobalSection
	GlobalSection(ProjectConfigurationPlatforms) = postSolution
		{4FEB28E6-6092-4C10-8D29-1CB2893314CC}.Debug|Any CPU.ActiveCfg = Debug|Any CPU
		{4FEB28E6-6092-4C10-8D29-1CB2893314CC}.Debug|Any CPU.Build.0 = Debug|Any CPU
		{4FEB28E6-6092-4C10-8D29-1CB2893314CC}.Release|Any CPU.ActiveCfg = Release|Any CPU
		{4FEB28E6-6092-4C10-8D29-1CB2893314CC}.Release|Any CPU.Build.0 = Release|Any CPU
	EndGlobalSection
	GlobalSection(SolutionProperties) = preSolution
		HideSolutionNode = FALSE
	EndGlobalSection
	GlobalSection(ExtensibilityGlobals) = postSolution
		SolutionGuid = {BB4EF2A5-873F-410F-9DA3-79EBE6CE91E7}
	EndGlobalSection
EndGlobal
